// !$*UTF8*$!
{
	archiveVersion = 1;
	classes = {
	};
	objectVersion = 77;
	objects = {

/* Begin PBXContainerItemProxy section */
		84E99E7C2CD20E26009E20E2 /* PBXContainerItemProxy */ = {
			isa = PBXContainerItemProxy;
			containerPortal = 84E99E632CD20E24009E20E2 /* Project object */;
			proxyType = 1;
			remoteGlobalIDString = 84E99E6A2CD20E24009E20E2;
			remoteInfo = "despro-kel3";
		};
		84E99E862CD20E26009E20E2 /* PBXContainerItemProxy */ = {
			isa = PBXContainerItemProxy;
			containerPortal = 84E99E632CD20E24009E20E2 /* Project object */;
			proxyType = 1;
			remoteGlobalIDString = 84E99E6A2CD20E24009E20E2;
			remoteInfo = "despro-kel3";
		};
/* End PBXContainerItemProxy section */

/* Begin PBXFileReference section */
		84E99E6B2CD20E24009E20E2 /* despro-kel3.app */ = {isa = PBXFileReference; explicitFileType = wrapper.application; includeInIndex = 0; path = "despro-kel3.app"; sourceTree = BUILT_PRODUCTS_DIR; };
		84E99E7B2CD20E26009E20E2 /* despro-kel3Tests.xctest */ = {isa = PBXFileReference; explicitFileType = wrapper.cfbundle; includeInIndex = 0; path = "despro-kel3Tests.xctest"; sourceTree = BUILT_PRODUCTS_DIR; };
		84E99E852CD20E26009E20E2 /* despro-kel3UITests.xctest */ = {isa = PBXFileReference; explicitFileType = wrapper.cfbundle; includeInIndex = 0; path = "despro-kel3UITests.xctest"; sourceTree = BUILT_PRODUCTS_DIR; };
/* End PBXFileReference section */

/* Begin PBXFileSystemSynchronizedBuildFileExceptionSet section */
		84D45C632CD230AD009E20E2 /* Exceptions for "despro-kel3" folder in "despro-kel3" target */ = {
			isa = PBXFileSystemSynchronizedBuildFileExceptionSet;
			membershipExceptions = (
				Info.plist,
			);
			target = 84E99E6A2CD20E24009E20E2 /* despro-kel3 */;
		};
		84D45C6F2CD240DD009E20E2 /* Exceptions for "Shared" folder in "despro-kel3Tests" target */ = {
			isa = PBXFileSystemSynchronizedBuildFileExceptionSet;
			membershipExceptions = (
				Media.xcassets,
			);
			target = 84E99E7A2CD20E26009E20E2 /* despro-kel3Tests */;
		};
		84D45C702CD240DD009E20E2 /* Exceptions for "Shared" folder in "despro-kel3UITests" target */ = {
			isa = PBXFileSystemSynchronizedBuildFileExceptionSet;
			membershipExceptions = (
				Media.xcassets,
			);
			target = 84E99E842CD20E26009E20E2 /* despro-kel3UITests */;
		};
/* End PBXFileSystemSynchronizedBuildFileExceptionSet section */

/* Begin PBXFileSystemSynchronizedRootGroup section */
		84D45C642CD23A4F009E20E2 /* Shared */ = {
			isa = PBXFileSystemSynchronizedRootGroup;
			exceptions = (
				84D45C6F2CD240DD009E20E2 /* Exceptions for "Shared" folder in "despro-kel3Tests" target */,
				84D45C702CD240DD009E20E2 /* Exceptions for "Shared" folder in "despro-kel3UITests" target */,
			);
			path = Shared;
			sourceTree = "<group>";
		};
		84E99E6D2CD20E24009E20E2 /* despro-kel3 */ = {
			isa = PBXFileSystemSynchronizedRootGroup;
			exceptions = (
				84D45C632CD230AD009E20E2 /* Exceptions for "despro-kel3" folder in "despro-kel3" target */,
			);
			path = "despro-kel3";
			sourceTree = "<group>";
		};
		84E99E7E2CD20E26009E20E2 /* despro-kel3Tests */ = {
			isa = PBXFileSystemSynchronizedRootGroup;
			path = "despro-kel3Tests";
			sourceTree = "<group>";
		};
		84E99E882CD20E26009E20E2 /* despro-kel3UITests */ = {
			isa = PBXFileSystemSynchronizedRootGroup;
			path = "despro-kel3UITests";
			sourceTree = "<group>";
		};
/* End PBXFileSystemSynchronizedRootGroup section */

/* Begin PBXFrameworksBuildPhase section */
		84E99E682CD20E24009E20E2 /* Frameworks */ = {
			isa = PBXFrameworksBuildPhase;
			buildActionMask = 2147483647;
			files = (
			);
			runOnlyForDeploymentPostprocessing = 0;
		};
		84E99E782CD20E26009E20E2 /* Frameworks */ = {
			isa = PBXFrameworksBuildPhase;
			buildActionMask = 2147483647;
			files = (
			);
			runOnlyForDeploymentPostprocessing = 0;
		};
		84E99E822CD20E26009E20E2 /* Frameworks */ = {
			isa = PBXFrameworksBuildPhase;
			buildActionMask = 2147483647;
			files = (
			);
			runOnlyForDeploymentPostprocessing = 0;
		};
/* End PBXFrameworksBuildPhase section */

/* Begin PBXGroup section */
		84E99E622CD20E23009E20E2 = {
			isa = PBXGroup;
			children = (
				84D45C642CD23A4F009E20E2 /* Shared */,
				84E99E6D2CD20E24009E20E2 /* despro-kel3 */,
				84E99E7E2CD20E26009E20E2 /* despro-kel3Tests */,
				84E99E882CD20E26009E20E2 /* despro-kel3UITests */,
				84E99E6C2CD20E24009E20E2 /* Products */,
			);
			sourceTree = "<group>";
		};
		84E99E6C2CD20E24009E20E2 /* Products */ = {
			isa = PBXGroup;
			children = (
				84E99E6B2CD20E24009E20E2 /* despro-kel3.app */,
				84E99E7B2CD20E26009E20E2 /* despro-kel3Tests.xctest */,
				84E99E852CD20E26009E20E2 /* despro-kel3UITests.xctest */,
			);
			name = Products;
			sourceTree = "<group>";
		};
/* End PBXGroup section */

/* Begin PBXNativeTarget section */
		84E99E6A2CD20E24009E20E2 /* despro-kel3 */ = {
			isa = PBXNativeTarget;
			buildConfigurationList = 84E99E8F2CD20E26009E20E2 /* Build configuration list for PBXNativeTarget "despro-kel3" */;
			buildPhases = (
				84E99E672CD20E24009E20E2 /* Sources */,
				84E99E682CD20E24009E20E2 /* Frameworks */,
				84E99E692CD20E24009E20E2 /* Resources */,
			);
			buildRules = (
			);
			dependencies = (
			);
			fileSystemSynchronizedGroups = (
				84D45C642CD23A4F009E20E2 /* Shared */,
				84E99E6D2CD20E24009E20E2 /* despro-kel3 */,
			);
			name = "despro-kel3";
			packageProductDependencies = (
			);
			productName = "despro-kel3";
			productReference = 84E99E6B2CD20E24009E20E2 /* despro-kel3.app */;
			productType = "com.apple.product-type.application";
		};
		84E99E7A2CD20E26009E20E2 /* despro-kel3Tests */ = {
			isa = PBXNativeTarget;
			buildConfigurationList = 84E99E922CD20E26009E20E2 /* Build configuration list for PBXNativeTarget "despro-kel3Tests" */;
			buildPhases = (
				84E99E772CD20E26009E20E2 /* Sources */,
				84E99E782CD20E26009E20E2 /* Frameworks */,
				84E99E792CD20E26009E20E2 /* Resources */,
			);
			buildRules = (
			);
			dependencies = (
				84E99E7D2CD20E26009E20E2 /* PBXTargetDependency */,
			);
			fileSystemSynchronizedGroups = (
				84E99E7E2CD20E26009E20E2 /* despro-kel3Tests */,
			);
			name = "despro-kel3Tests";
			packageProductDependencies = (
			);
			productName = "despro-kel3Tests";
			productReference = 84E99E7B2CD20E26009E20E2 /* despro-kel3Tests.xctest */;
			productType = "com.apple.product-type.bundle.unit-test";
		};
		84E99E842CD20E26009E20E2 /* despro-kel3UITests */ = {
			isa = PBXNativeTarget;
			buildConfigurationList = 84E99E952CD20E26009E20E2 /* Build configuration list for PBXNativeTarget "despro-kel3UITests" */;
			buildPhases = (
				84E99E812CD20E26009E20E2 /* Sources */,
				84E99E822CD20E26009E20E2 /* Frameworks */,
				84E99E832CD20E26009E20E2 /* Resources */,
			);
			buildRules = (
			);
			dependencies = (
				84E99E872CD20E26009E20E2 /* PBXTargetDependency */,
			);
			fileSystemSynchronizedGroups = (
				84E99E882CD20E26009E20E2 /* despro-kel3UITests */,
			);
			name = "despro-kel3UITests";
			packageProductDependencies = (
			);
			productName = "despro-kel3UITests";
			productReference = 84E99E852CD20E26009E20E2 /* despro-kel3UITests.xctest */;
			productType = "com.apple.product-type.bundle.ui-testing";
		};
/* End PBXNativeTarget section */

/* Begin PBXProject section */
		84E99E632CD20E24009E20E2 /* Project object */ = {
			isa = PBXProject;
			attributes = {
				BuildIndependentTargetsInParallel = 1;
				LastSwiftUpdateCheck = 1610;
				LastUpgradeCheck = 1610;
				TargetAttributes = {
					84E99E6A2CD20E24009E20E2 = {
						CreatedOnToolsVersion = 16.1;
					};
					84E99E7A2CD20E26009E20E2 = {
						CreatedOnToolsVersion = 16.1;
						TestTargetID = 84E99E6A2CD20E24009E20E2;
					};
					84E99E842CD20E26009E20E2 = {
						CreatedOnToolsVersion = 16.1;
						TestTargetID = 84E99E6A2CD20E24009E20E2;
					};
				};
			};
			buildConfigurationList = 84E99E662CD20E24009E20E2 /* Build configuration list for PBXProject "despro-kel3" */;
			developmentRegion = en;
			hasScannedForEncodings = 0;
			knownRegions = (
				en,
				Base,
			);
			mainGroup = 84E99E622CD20E23009E20E2;
			minimizedProjectReferenceProxies = 1;
			preferredProjectObjectVersion = 77;
			productRefGroup = 84E99E6C2CD20E24009E20E2 /* Products */;
			projectDirPath = "";
			projectRoot = "";
			targets = (
				84E99E6A2CD20E24009E20E2 /* despro-kel3 */,
				84E99E7A2CD20E26009E20E2 /* despro-kel3Tests */,
				84E99E842CD20E26009E20E2 /* despro-kel3UITests */,
			);
		};
/* End PBXProject section */

/* Begin PBXResourcesBuildPhase section */
		84E99E692CD20E24009E20E2 /* Resources */ = {
			isa = PBXResourcesBuildPhase;
			buildActionMask = 2147483647;
			files = (
			);
			runOnlyForDeploymentPostprocessing = 0;
		};
		84E99E792CD20E26009E20E2 /* Resources */ = {
			isa = PBXResourcesBuildPhase;
			buildActionMask = 2147483647;
			files = (
			);
			runOnlyForDeploymentPostprocessing = 0;
		};
		84E99E832CD20E26009E20E2 /* Resources */ = {
			isa = PBXResourcesBuildPhase;
			buildActionMask = 2147483647;
			files = (
			);
			runOnlyForDeploymentPostprocessing = 0;
		};
/* End PBXResourcesBuildPhase section */

/* Begin PBXSourcesBuildPhase section */
		84E99E672CD20E24009E20E2 /* Sources */ = {
			isa = PBXSourcesBuildPhase;
			buildActionMask = 2147483647;
			files = (
			);
			runOnlyForDeploymentPostprocessing = 0;
		};
		84E99E772CD20E26009E20E2 /* Sources */ = {
			isa = PBXSourcesBuildPhase;
			buildActionMask = 2147483647;
			files = (
			);
			runOnlyForDeploymentPostprocessing = 0;
		};
		84E99E812CD20E26009E20E2 /* Sources */ = {
			isa = PBXSourcesBuildPhase;
			buildActionMask = 2147483647;
			files = (
			);
			runOnlyForDeploymentPostprocessing = 0;
		};
/* End PBXSourcesBuildPhase section */

/* Begin PBXTargetDependency section */
		84E99E7D2CD20E26009E20E2 /* PBXTargetDependency */ = {
			isa = PBXTargetDependency;
			target = 84E99E6A2CD20E24009E20E2 /* despro-kel3 */;
			targetProxy = 84E99E7C2CD20E26009E20E2 /* PBXContainerItemProxy */;
		};
		84E99E872CD20E26009E20E2 /* PBXTargetDependency */ = {
			isa = PBXTargetDependency;
			target = 84E99E6A2CD20E24009E20E2 /* despro-kel3 */;
			targetProxy = 84E99E862CD20E26009E20E2 /* PBXContainerItemProxy */;
		};
/* End PBXTargetDependency section */

/* Begin XCBuildConfiguration section */
		84E99E8D2CD20E26009E20E2 /* Debug */ = {
			isa = XCBuildConfiguration;
			buildSettings = {
				ALWAYS_SEARCH_USER_PATHS = NO;
				ASSETCATALOG_COMPILER_GENERATE_SWIFT_ASSET_SYMBOL_EXTENSIONS = YES;
				CLANG_ANALYZER_NONNULL = YES;
				CLANG_ANALYZER_NUMBER_OBJECT_CONVERSION = YES_AGGRESSIVE;
				CLANG_CXX_LANGUAGE_STANDARD = "gnu++20";
				CLANG_ENABLE_MODULES = YES;
				CLANG_ENABLE_OBJC_ARC = YES;
				CLANG_ENABLE_OBJC_WEAK = YES;
				CLANG_WARN_BLOCK_CAPTURE_AUTORELEASING = YES;
				CLANG_WARN_BOOL_CONVERSION = YES;
				CLANG_WARN_COMMA = YES;
				CLANG_WARN_CONSTANT_CONVERSION = YES;
				CLANG_WARN_DEPRECATED_OBJC_IMPLEMENTATIONS = YES;
				CLANG_WARN_DIRECT_OBJC_ISA_USAGE = YES_ERROR;
				CLANG_WARN_DOCUMENTATION_COMMENTS = YES;
				CLANG_WARN_EMPTY_BODY = YES;
				CLANG_WARN_ENUM_CONVERSION = YES;
				CLANG_WARN_INFINITE_RECURSION = YES;
				CLANG_WARN_INT_CONVERSION = YES;
				CLANG_WARN_NON_LITERAL_NULL_CONVERSION = YES;
				CLANG_WARN_OBJC_IMPLICIT_RETAIN_SELF = YES;
				CLANG_WARN_OBJC_LITERAL_CONVERSION = YES;
				CLANG_WARN_OBJC_ROOT_CLASS = YES_ERROR;
				CLANG_WARN_QUOTED_INCLUDE_IN_FRAMEWORK_HEADER = YES;
				CLANG_WARN_RANGE_LOOP_ANALYSIS = YES;
				CLANG_WARN_STRICT_PROTOTYPES = YES;
				CLANG_WARN_SUSPICIOUS_MOVE = YES;
				CLANG_WARN_UNGUARDED_AVAILABILITY = YES_AGGRESSIVE;
				CLANG_WARN_UNREACHABLE_CODE = YES;
				CLANG_WARN__DUPLICATE_METHOD_MATCH = YES;
				COPY_PHASE_STRIP = NO;
				DEBUG_INFORMATION_FORMAT = dwarf;
				ENABLE_STRICT_OBJC_MSGSEND = YES;
				ENABLE_TESTABILITY = YES;
				ENABLE_USER_SCRIPT_SANDBOXING = YES;
				GCC_C_LANGUAGE_STANDARD = gnu17;
				GCC_DYNAMIC_NO_PIC = NO;
				GCC_NO_COMMON_BLOCKS = YES;
				GCC_OPTIMIZATION_LEVEL = 0;
				GCC_PREPROCESSOR_DEFINITIONS = (
					"DEBUG=1",
					"$(inherited)",
				);
				GCC_WARN_64_TO_32_BIT_CONVERSION = YES;
				GCC_WARN_ABOUT_RETURN_TYPE = YES_ERROR;
				GCC_WARN_UNDECLARED_SELECTOR = YES;
				GCC_WARN_UNINITIALIZED_AUTOS = YES_AGGRESSIVE;
				GCC_WARN_UNUSED_FUNCTION = YES;
				GCC_WARN_UNUSED_VARIABLE = YES;
				IPHONEOS_DEPLOYMENT_TARGET = 18.1;
				LOCALIZATION_PREFERS_STRING_CATALOGS = YES;
				MTL_ENABLE_DEBUG_INFO = INCLUDE_SOURCE;
				MTL_FAST_MATH = YES;
				ONLY_ACTIVE_ARCH = YES;
				SDKROOT = iphoneos;
				SWIFT_ACTIVE_COMPILATION_CONDITIONS = "DEBUG $(inherited)";
				SWIFT_OPTIMIZATION_LEVEL = "-Onone";
			};
			name = Debug;
		};
		84E99E8E2CD20E26009E20E2 /* Release */ = {
			isa = XCBuildConfiguration;
			buildSettings = {
				ALWAYS_SEARCH_USER_PATHS = NO;
				ASSETCATALOG_COMPILER_GENERATE_SWIFT_ASSET_SYMBOL_EXTENSIONS = YES;
				CLANG_ANALYZER_NONNULL = YES;
				CLANG_ANALYZER_NUMBER_OBJECT_CONVERSION = YES_AGGRESSIVE;
				CLANG_CXX_LANGUAGE_STANDARD = "gnu++20";
				CLANG_ENABLE_MODULES = YES;
				CLANG_ENABLE_OBJC_ARC = YES;
				CLANG_ENABLE_OBJC_WEAK = YES;
				CLANG_WARN_BLOCK_CAPTURE_AUTORELEASING = YES;
				CLANG_WARN_BOOL_CONVERSION = YES;
				CLANG_WARN_COMMA = YES;
				CLANG_WARN_CONSTANT_CONVERSION = YES;
				CLANG_WARN_DEPRECATED_OBJC_IMPLEMENTATIONS = YES;
				CLANG_WARN_DIRECT_OBJC_ISA_USAGE = YES_ERROR;
				CLANG_WARN_DOCUMENTATION_COMMENTS = YES;
				CLANG_WARN_EMPTY_BODY = YES;
				CLANG_WARN_ENUM_CONVERSION = YES;
				CLANG_WARN_INFINITE_RECURSION = YES;
				CLANG_WARN_INT_CONVERSION = YES;
				CLANG_WARN_NON_LITERAL_NULL_CONVERSION = YES;
				CLANG_WARN_OBJC_IMPLICIT_RETAIN_SELF = YES;
				CLANG_WARN_OBJC_LITERAL_CONVERSION = YES;
				CLANG_WARN_OBJC_ROOT_CLASS = YES_ERROR;
				CLANG_WARN_QUOTED_INCLUDE_IN_FRAMEWORK_HEADER = YES;
				CLANG_WARN_RANGE_LOOP_ANALYSIS = YES;
				CLANG_WARN_STRICT_PROTOTYPES = YES;
				CLANG_WARN_SUSPICIOUS_MOVE = YES;
				CLANG_WARN_UNGUARDED_AVAILABILITY = YES_AGGRESSIVE;
				CLANG_WARN_UNREACHABLE_CODE = YES;
				CLANG_WARN__DUPLICATE_METHOD_MATCH = YES;
				COPY_PHASE_STRIP = NO;
				DEBUG_INFORMATION_FORMAT = "dwarf-with-dsym";
				ENABLE_NS_ASSERTIONS = NO;
				ENABLE_STRICT_OBJC_MSGSEND = YES;
				ENABLE_USER_SCRIPT_SANDBOXING = YES;
				GCC_C_LANGUAGE_STANDARD = gnu17;
				GCC_NO_COMMON_BLOCKS = YES;
				GCC_WARN_64_TO_32_BIT_CONVERSION = YES;
				GCC_WARN_ABOUT_RETURN_TYPE = YES_ERROR;
				GCC_WARN_UNDECLARED_SELECTOR = YES;
				GCC_WARN_UNINITIALIZED_AUTOS = YES_AGGRESSIVE;
				GCC_WARN_UNUSED_FUNCTION = YES;
				GCC_WARN_UNUSED_VARIABLE = YES;
				IPHONEOS_DEPLOYMENT_TARGET = 18.1;
				LOCALIZATION_PREFERS_STRING_CATALOGS = YES;
				MTL_ENABLE_DEBUG_INFO = NO;
				MTL_FAST_MATH = YES;
				SDKROOT = iphoneos;
				SWIFT_COMPILATION_MODE = wholemodule;
				VALIDATE_PRODUCT = YES;
			};
			name = Release;
		};
		84E99E902CD20E26009E20E2 /* Debug */ = {
			isa = XCBuildConfiguration;
			buildSettings = {
				ASSETCATALOG_COMPILER_APPICON_NAME = AppIcon;
				ASSETCATALOG_COMPILER_GLOBAL_ACCENT_COLOR_NAME = AccentColor;
				CODE_SIGN_STYLE = Automatic;
				CURRENT_PROJECT_VERSION = 1;
				DEVELOPMENT_ASSET_PATHS = "\"despro-kel3/Preview Content\"";
				DEVELOPMENT_TEAM = 78QLV448A6;
				ENABLE_PREVIEWS = YES;
				GENERATE_INFOPLIST_FILE = YES;
				INFOPLIST_FILE = "despro-kel3/Info.plist";
				INFOPLIST_KEY_NSBluetoothAlwaysUsageDescription = "This app requires Bluetooth access to communicate with devices";
				INFOPLIST_KEY_NSBluetoothPeripheralUsageDescription = "This app requires Bluetooth access to communicate with devices 2";
				INFOPLIST_KEY_UIApplicationSceneManifest_Generation = YES;
				INFOPLIST_KEY_UIApplicationSupportsIndirectInputEvents = YES;
				INFOPLIST_KEY_UILaunchScreen_Generation = YES;
				INFOPLIST_KEY_UISupportedInterfaceOrientations_iPad = "UIInterfaceOrientationPortrait UIInterfaceOrientationPortraitUpsideDown UIInterfaceOrientationLandscapeLeft UIInterfaceOrientationLandscapeRight";
				INFOPLIST_KEY_UISupportedInterfaceOrientations_iPhone = UIInterfaceOrientationPortrait;
				IPHONEOS_DEPLOYMENT_TARGET = 18.0;
				LD_RUNPATH_SEARCH_PATHS = (
					"$(inherited)",
					"@executable_path/Frameworks",
				);
				MARKETING_VERSION = 1.0;
				PRODUCT_BUNDLE_IDENTIFIER = "despro3.despro-kel3";
				PRODUCT_NAME = "$(TARGET_NAME)";
				SWIFT_EMIT_LOC_STRINGS = YES;
				SWIFT_VERSION = 5.0;
				TARGETED_DEVICE_FAMILY = "1,2";
			};
			name = Debug;
		};
		84E99E912CD20E26009E20E2 /* Release */ = {
			isa = XCBuildConfiguration;
			buildSettings = {
				ASSETCATALOG_COMPILER_APPICON_NAME = AppIcon;
				ASSETCATALOG_COMPILER_GLOBAL_ACCENT_COLOR_NAME = AccentColor;
				CODE_SIGN_STYLE = Automatic;
				CURRENT_PROJECT_VERSION = 1;
				DEVELOPMENT_ASSET_PATHS = "\"despro-kel3/Preview Content\"";
				DEVELOPMENT_TEAM = 78QLV448A6;
				ENABLE_PREVIEWS = YES;
				GENERATE_INFOPLIST_FILE = YES;
				INFOPLIST_FILE = "despro-kel3/Info.plist";
				INFOPLIST_KEY_NSBluetoothAlwaysUsageDescription = "This app requires Bluetooth access to communicate with devices";
				INFOPLIST_KEY_NSBluetoothPeripheralUsageDescription = "This app requires Bluetooth access to communicate with devices 2";
				INFOPLIST_KEY_UIApplicationSceneManifest_Generation = YES;
				INFOPLIST_KEY_UIApplicationSupportsIndirectInputEvents = YES;
				INFOPLIST_KEY_UILaunchScreen_Generation = YES;
				INFOPLIST_KEY_UISupportedInterfaceOrientations_iPad = "UIInterfaceOrientationPortrait UIInterfaceOrientationPortraitUpsideDown UIInterfaceOrientationLandscapeLeft UIInterfaceOrientationLandscapeRight";
				INFOPLIST_KEY_UISupportedInterfaceOrientations_iPhone = UIInterfaceOrientationPortrait;
				IPHONEOS_DEPLOYMENT_TARGET = 18.0;
				LD_RUNPATH_SEARCH_PATHS = (
					"$(inherited)",
					"@executable_path/Frameworks",
				);
				MARKETING_VERSION = 1.0;
				PRODUCT_BUNDLE_IDENTIFIER = "despro3.despro-kel3";
				PRODUCT_NAME = "$(TARGET_NAME)";
				SWIFT_EMIT_LOC_STRINGS = YES;
				SWIFT_VERSION = 5.0;
				TARGETED_DEVICE_FAMILY = "1,2";
			};
			name = Release;
		};
		84E99E932CD20E26009E20E2 /* Debug */ = {
			isa = XCBuildConfiguration;
			buildSettings = {
				BUNDLE_LOADER = "$(TEST_HOST)";
				CODE_SIGN_STYLE = Automatic;
				CURRENT_PROJECT_VERSION = 1;
				GENERATE_INFOPLIST_FILE = YES;
				IPHONEOS_DEPLOYMENT_TARGET = 18.1;
				MARKETING_VERSION = 1.0;
				PRODUCT_BUNDLE_IDENTIFIER = "despro3.despro-kel3Tests";
				PRODUCT_NAME = "$(TARGET_NAME)";
				SWIFT_EMIT_LOC_STRINGS = NO;
				SWIFT_VERSION = 5.0;
				TARGETED_DEVICE_FAMILY = "1,2";
				TEST_HOST = "$(BUILT_PRODUCTS_DIR)/despro-kel3.app/$(BUNDLE_EXECUTABLE_FOLDER_PATH)/despro-kel3";
			};
			name = Debug;
		};
		84E99E942CD20E26009E20E2 /* Release */ = {
			isa = XCBuildConfiguration;
			buildSettings = {
				BUNDLE_LOADER = "$(TEST_HOST)";
				CODE_SIGN_STYLE = Automatic;
				CURRENT_PROJECT_VERSION = 1;
				GENERATE_INFOPLIST_FILE = YES;
				IPHONEOS_DEPLOYMENT_TARGET = 18.1;
				MARKETING_VERSION = 1.0;
				PRODUCT_BUNDLE_IDENTIFIER = "despro3.despro-kel3Tests";
				PRODUCT_NAME = "$(TARGET_NAME)";
				SWIFT_EMIT_LOC_STRINGS = NO;
				SWIFT_VERSION = 5.0;
				TARGETED_DEVICE_FAMILY = "1,2";
				TEST_HOST = "$(BUILT_PRODUCTS_DIR)/despro-kel3.app/$(BUNDLE_EXECUTABLE_FOLDER_PATH)/despro-kel3";
			};
			name = Release;
		};
		84E99E962CD20E26009E20E2 /* Debug */ = {
			isa = XCBuildConfiguration;
			buildSettings = {
				CODE_SIGN_STYLE = Automatic;
				CURRENT_PROJECT_VERSION = 1;
				GENERATE_INFOPLIST_FILE = YES;
				MARKETING_VERSION = 1.0;
				PRODUCT_BUNDLE_IDENTIFIER = "despro3.despro-kel3UITests";
				PRODUCT_NAME = "$(TARGET_NAME)";
				SWIFT_EMIT_LOC_STRINGS = NO;
				SWIFT_VERSION = 5.0;
				TARGETED_DEVICE_FAMILY = "1,2";
				TEST_TARGET_NAME = "despro-kel3";
			};
			name = Debug;
		};
		84E99E972CD20E26009E20E2 /* Release */ = {
			isa = XCBuildConfiguration;
			buildSettings = {
				CODE_SIGN_STYLE = Automatic;
				CURRENT_PROJECT_VERSION = 1;
				GENERATE_INFOPLIST_FILE = YES;
				MARKETING_VERSION = 1.0;
				PRODUCT_BUNDLE_IDENTIFIER = "despro3.despro-kel3UITests";
				PRODUCT_NAME = "$(TARGET_NAME)";
				SWIFT_EMIT_LOC_STRINGS = NO;
				SWIFT_VERSION = 5.0;
				TARGETED_DEVICE_FAMILY = "1,2";
				TEST_TARGET_NAME = "despro-kel3";
			};
			name = Release;
		};
/* End XCBuildConfiguration section */

/* Begin XCConfigurationList section */
		84E99E662CD20E24009E20E2 /* Build configuration list for PBXProject "despro-kel3" */ = {
			isa = XCConfigurationList;
			buildConfigurations = (
				84E99E8D2CD20E26009E20E2 /* Debug */,
				84E99E8E2CD20E26009E20E2 /* Release */,
			);
			defaultConfigurationIsVisible = 0;
			defaultConfigurationName = Release;
		};
		84E99E8F2CD20E26009E20E2 /* Build configuration list for PBXNativeTarget "despro-kel3" */ = {
			isa = XCConfigurationList;
			buildConfigurations = (
				84E99E902CD20E26009E20E2 /* Debug */,
				84E99E912CD20E26009E20E2 /* Release */,
			);
			defaultConfigurationIsVisible = 0;
			defaultConfigurationName = Release;
		};
		84E99E922CD20E26009E20E2 /* Build configuration list for PBXNativeTarget "despro-kel3Tests" */ = {
			isa = XCConfigurationList;
			buildConfigurations = (
				84E99E932CD20E26009E20E2 /* Debug */,
				84E99E942CD20E26009E20E2 /* Release */,
			);
			defaultConfigurationIsVisible = 0;
			defaultConfigurationName = Release;
		};
		84E99E952CD20E26009E20E2 /* Build configuration list for PBXNativeTarget "despro-kel3UITests" */ = {
			isa = XCConfigurationList;
			buildConfigurations = (
				84E99E962CD20E26009E20E2 /* Debug */,
				84E99E972CD20E26009E20E2 /* Release */,
			);
			defaultConfigurationIsVisible = 0;
			defaultConfigurationName = Release;
		};
/* End XCConfigurationList section */
	};
	rootObject = 84E99E632CD20E24009E20E2 /* Project object */;
}
